// !$*UTF8*$!
{
	archiveVersion = 1;
	classes = {
	};
	objectVersion = 56;
	objects = {

/* Begin PBXBuildFile section */
		1134DE1329D6C53F00A5A712 /* ABMediaPlayer.xcdatamodeld in Sources */ = {isa = PBXBuildFile; fileRef = 1134DE1129D6C53F00A5A712 /* ABMediaPlayer.xcdatamodeld */; };
		1134DE5329D6CE1000A5A712 /* PersistenceController.swift in Sources */ = {isa = PBXBuildFile; fileRef = 1134DE5229D6CE1000A5A712 /* PersistenceController.swift */; };
		117693E629BCE0D300DE4036 /* ABMediaPlayerApp.swift in Sources */ = {isa = PBXBuildFile; fileRef = 117693E529BCE0D300DE4036 /* ABMediaPlayerApp.swift */; };
		117693EA29BCE0D600DE4036 /* Assets.xcassets in Resources */ = {isa = PBXBuildFile; fileRef = 117693E929BCE0D600DE4036 /* Assets.xcassets */; };
		117693EE29BCE0D600DE4036 /* Preview Assets.xcassets in Resources */ = {isa = PBXBuildFile; fileRef = 117693ED29BCE0D600DE4036 /* Preview Assets.xcassets */; };
		117693F829BCE0D600DE4036 /* ABMediaPlayerTests.swift in Sources */ = {isa = PBXBuildFile; fileRef = 117693F729BCE0D600DE4036 /* ABMediaPlayerTests.swift */; };
		1176940229BCE0D600DE4036 /* ABMediaPlayerUITests.swift in Sources */ = {isa = PBXBuildFile; fileRef = 1176940129BCE0D600DE4036 /* ABMediaPlayerUITests.swift */; };
		1176940429BCE0D600DE4036 /* ABMediaPlayerUITestsLaunchTests.swift in Sources */ = {isa = PBXBuildFile; fileRef = 1176940329BCE0D600DE4036 /* ABMediaPlayerUITestsLaunchTests.swift */; };
		1187457829DE262300D25F40 /* MarkerPickerView.swift in Sources */ = {isa = PBXBuildFile; fileRef = 1187457729DE262300D25F40 /* MarkerPickerView.swift */; };
		1187457A29DE29A000D25F40 /* MediaPickerView.swift in Sources */ = {isa = PBXBuildFile; fileRef = 1187457929DE29A000D25F40 /* MediaPickerView.swift */; };
		118B83EC29D6EBC60093C8A7 /* ManageMediaSingleItemView.swift in Sources */ = {isa = PBXBuildFile; fileRef = 118B83EB29D6EBC60093C8A7 /* ManageMediaSingleItemView.swift */; };
		11B9ADE629DF45400052CDAB /* AVKit.framework in Frameworks */ = {isa = PBXBuildFile; fileRef = 11B9ADE529DF453F0052CDAB /* AVKit.framework */; };
		11BEC11E29D19D7400580119 /* MediaItemRowView.swift in Sources */ = {isa = PBXBuildFile; fileRef = 11BEC11D29D19D7400580119 /* MediaItemRowView.swift */; };
		11D8F83229CA39980031AF9D /* RootView.swift in Sources */ = {isa = PBXBuildFile; fileRef = 11D8F83129CA39980031AF9D /* RootView.swift */; };
		11D8F83429CA3D680031AF9D /* ManageMediaView.swift in Sources */ = {isa = PBXBuildFile; fileRef = 11D8F83329CA3D680031AF9D /* ManageMediaView.swift */; };
		11D8F83829CA49FD0031AF9D /* ManageAlignmentBaseView.swift in Sources */ = {isa = PBXBuildFile; fileRef = 11D8F83729CA49FD0031AF9D /* ManageAlignmentBaseView.swift */; };
		11D8F83C29CA50200031AF9D /* ManageAlignmentBaseDetailView.swift in Sources */ = {isa = PBXBuildFile; fileRef = 11D8F83B29CA50200031AF9D /* ManageAlignmentBaseDetailView.swift */; };
		11EC440929D9DC5C00120B19 /* NewAlignmentBaseView.swift in Sources */ = {isa = PBXBuildFile; fileRef = 11EC440829D9DC5C00120B19 /* NewAlignmentBaseView.swift */; };
		11EC440B29D9EB0C00120B19 /* NewMediaAlignmentView.swift in Sources */ = {isa = PBXBuildFile; fileRef = 11EC440A29D9EB0C00120B19 /* NewMediaAlignmentView.swift */; };
		11EC440D29DAC80C00120B19 /* PlayMediaView.swift in Sources */ = {isa = PBXBuildFile; fileRef = 11EC440C29DAC80C00120B19 /* PlayMediaView.swift */; };
		11EC440F29DACA2A00120B19 /* DisplayAlignmentView.swift in Sources */ = {isa = PBXBuildFile; fileRef = 11EC440E29DACA2A00120B19 /* DisplayAlignmentView.swift */; };
		11EC441129DACAE200120B19 /* AlignmentModel.swift in Sources */ = {isa = PBXBuildFile; fileRef = 11EC441029DACAE200120B19 /* AlignmentModel.swift */; };
/* End PBXBuildFile section */

/* Begin PBXContainerItemProxy section */
		117693F429BCE0D600DE4036 /* PBXContainerItemProxy */ = {
			isa = PBXContainerItemProxy;
			containerPortal = 117693DA29BCE0D300DE4036 /* Project object */;
			proxyType = 1;
			remoteGlobalIDString = 117693E129BCE0D300DE4036;
			remoteInfo = ABMediaPlayer;
		};
		117693FE29BCE0D600DE4036 /* PBXContainerItemProxy */ = {
			isa = PBXContainerItemProxy;
			containerPortal = 117693DA29BCE0D300DE4036 /* Project object */;
			proxyType = 1;
			remoteGlobalIDString = 117693E129BCE0D300DE4036;
			remoteInfo = ABMediaPlayer;
		};
/* End PBXContainerItemProxy section */

/* Begin PBXFileReference section */
		1134DE1229D6C53F00A5A712 /* ABMediaPlayer.xcdatamodel */ = {isa = PBXFileReference; lastKnownFileType = wrapper.xcdatamodel; path = ABMediaPlayer.xcdatamodel; sourceTree = "<group>"; };
		1134DE5229D6CE1000A5A712 /* PersistenceController.swift */ = {isa = PBXFileReference; fileEncoding = 4; lastKnownFileType = sourcecode.swift; path = PersistenceController.swift; sourceTree = "<group>"; };
		117693E229BCE0D300DE4036 /* ABMediaPlayer.app */ = {isa = PBXFileReference; explicitFileType = wrapper.application; includeInIndex = 0; path = ABMediaPlayer.app; sourceTree = BUILT_PRODUCTS_DIR; };
		117693E529BCE0D300DE4036 /* ABMediaPlayerApp.swift */ = {isa = PBXFileReference; lastKnownFileType = sourcecode.swift; path = ABMediaPlayerApp.swift; sourceTree = "<group>"; };
		117693E929BCE0D600DE4036 /* Assets.xcassets */ = {isa = PBXFileReference; lastKnownFileType = folder.assetcatalog; path = Assets.xcassets; sourceTree = "<group>"; };
		117693EB29BCE0D600DE4036 /* ABMediaPlayer.entitlements */ = {isa = PBXFileReference; lastKnownFileType = text.plist.entitlements; path = ABMediaPlayer.entitlements; sourceTree = "<group>"; };
		117693ED29BCE0D600DE4036 /* Preview Assets.xcassets */ = {isa = PBXFileReference; lastKnownFileType = folder.assetcatalog; path = "Preview Assets.xcassets"; sourceTree = "<group>"; };
		117693F329BCE0D600DE4036 /* ABMediaPlayerTests.xctest */ = {isa = PBXFileReference; explicitFileType = wrapper.cfbundle; includeInIndex = 0; path = ABMediaPlayerTests.xctest; sourceTree = BUILT_PRODUCTS_DIR; };
		117693F729BCE0D600DE4036 /* ABMediaPlayerTests.swift */ = {isa = PBXFileReference; lastKnownFileType = sourcecode.swift; path = ABMediaPlayerTests.swift; sourceTree = "<group>"; };
		117693FD29BCE0D600DE4036 /* ABMediaPlayerUITests.xctest */ = {isa = PBXFileReference; explicitFileType = wrapper.cfbundle; includeInIndex = 0; path = ABMediaPlayerUITests.xctest; sourceTree = BUILT_PRODUCTS_DIR; };
		1176940129BCE0D600DE4036 /* ABMediaPlayerUITests.swift */ = {isa = PBXFileReference; lastKnownFileType = sourcecode.swift; path = ABMediaPlayerUITests.swift; sourceTree = "<group>"; };
		1176940329BCE0D600DE4036 /* ABMediaPlayerUITestsLaunchTests.swift */ = {isa = PBXFileReference; lastKnownFileType = sourcecode.swift; path = ABMediaPlayerUITestsLaunchTests.swift; sourceTree = "<group>"; };
		11796E8B29D78C9B0068B55A /* Info.plist */ = {isa = PBXFileReference; fileEncoding = 4; lastKnownFileType = text.plist.xml; path = Info.plist; sourceTree = "<group>"; };
		1187457729DE262300D25F40 /* MarkerPickerView.swift */ = {isa = PBXFileReference; lastKnownFileType = sourcecode.swift; path = MarkerPickerView.swift; sourceTree = "<group>"; };
		1187457929DE29A000D25F40 /* MediaPickerView.swift */ = {isa = PBXFileReference; lastKnownFileType = sourcecode.swift; path = MediaPickerView.swift; sourceTree = "<group>"; };
		118B83EB29D6EBC60093C8A7 /* ManageMediaSingleItemView.swift */ = {isa = PBXFileReference; lastKnownFileType = sourcecode.swift; path = ManageMediaSingleItemView.swift; sourceTree = "<group>"; };
		11B9ADE529DF453F0052CDAB /* AVKit.framework */ = {isa = PBXFileReference; lastKnownFileType = wrapper.framework; name = AVKit.framework; path = Platforms/iPhoneOS.platform/Developer/SDKs/iPhoneOS16.4.sdk/System/Library/Frameworks/AVKit.framework; sourceTree = DEVELOPER_DIR; };
		11BEC11D29D19D7400580119 /* MediaItemRowView.swift */ = {isa = PBXFileReference; lastKnownFileType = sourcecode.swift; path = MediaItemRowView.swift; sourceTree = "<group>"; };
		11D8F83129CA39980031AF9D /* RootView.swift */ = {isa = PBXFileReference; lastKnownFileType = sourcecode.swift; path = RootView.swift; sourceTree = "<group>"; };
		11D8F83329CA3D680031AF9D /* ManageMediaView.swift */ = {isa = PBXFileReference; lastKnownFileType = sourcecode.swift; path = ManageMediaView.swift; sourceTree = "<group>"; };
		11D8F83729CA49FD0031AF9D /* ManageAlignmentBaseView.swift */ = {isa = PBXFileReference; lastKnownFileType = sourcecode.swift; path = ManageAlignmentBaseView.swift; sourceTree = "<group>"; };
		11D8F83B29CA50200031AF9D /* ManageAlignmentBaseDetailView.swift */ = {isa = PBXFileReference; lastKnownFileType = sourcecode.swift; path = ManageAlignmentBaseDetailView.swift; sourceTree = "<group>"; };
		11EC440829D9DC5C00120B19 /* NewAlignmentBaseView.swift */ = {isa = PBXFileReference; lastKnownFileType = sourcecode.swift; path = NewAlignmentBaseView.swift; sourceTree = "<group>"; };
		11EC440A29D9EB0C00120B19 /* NewMediaAlignmentView.swift */ = {isa = PBXFileReference; lastKnownFileType = sourcecode.swift; path = NewMediaAlignmentView.swift; sourceTree = "<group>"; };
		11EC440C29DAC80C00120B19 /* PlayMediaView.swift */ = {isa = PBXFileReference; lastKnownFileType = sourcecode.swift; path = PlayMediaView.swift; sourceTree = "<group>"; };
		11EC440E29DACA2A00120B19 /* DisplayAlignmentView.swift */ = {isa = PBXFileReference; lastKnownFileType = sourcecode.swift; path = DisplayAlignmentView.swift; sourceTree = "<group>"; };
		11EC441029DACAE200120B19 /* AlignmentModel.swift */ = {isa = PBXFileReference; lastKnownFileType = sourcecode.swift; name = AlignmentModel.swift; path = ABMediaPlayer/Model/AlignmentModel.swift; sourceTree = SOURCE_ROOT; };
/* End PBXFileReference section */

/* Begin PBXFrameworksBuildPhase section */
		117693DF29BCE0D300DE4036 /* Frameworks */ = {
			isa = PBXFrameworksBuildPhase;
			buildActionMask = 2147483647;
			files = (
				11B9ADE629DF45400052CDAB /* AVKit.framework in Frameworks */,
			);
			runOnlyForDeploymentPostprocessing = 0;
		};
		117693F029BCE0D600DE4036 /* Frameworks */ = {
			isa = PBXFrameworksBuildPhase;
			buildActionMask = 2147483647;
			files = (
			);
			runOnlyForDeploymentPostprocessing = 0;
		};
		117693FA29BCE0D600DE4036 /* Frameworks */ = {
			isa = PBXFrameworksBuildPhase;
			buildActionMask = 2147483647;
			files = (
			);
			runOnlyForDeploymentPostprocessing = 0;
		};
/* End PBXFrameworksBuildPhase section */

/* Begin PBXGroup section */
		117693D929BCE0D300DE4036 = {
			isa = PBXGroup;
			children = (
				117693E429BCE0D300DE4036 /* ABMediaPlayer */,
				117693F629BCE0D600DE4036 /* ABMediaPlayerTests */,
				1176940029BCE0D600DE4036 /* ABMediaPlayerUITests */,
				117693E329BCE0D300DE4036 /* Products */,
				11B9ADE429DF453F0052CDAB /* Frameworks */,
			);
			sourceTree = "<group>";
		};
		117693E329BCE0D300DE4036 /* Products */ = {
			isa = PBXGroup;
			children = (
				117693E229BCE0D300DE4036 /* ABMediaPlayer.app */,
				117693F329BCE0D600DE4036 /* ABMediaPlayerTests.xctest */,
				117693FD29BCE0D600DE4036 /* ABMediaPlayerUITests.xctest */,
			);
			name = Products;
			sourceTree = "<group>";
		};
		117693E429BCE0D300DE4036 /* ABMediaPlayer */ = {
			isa = PBXGroup;
			children = (
				11EC440729D9B7A900120B19 /* Controller */,
				11EC440629D9B79800120B19 /* Model */,
				11EC440529D9B78500120B19 /* View */,
				11796E8B29D78C9B0068B55A /* Info.plist */,
				117693EB29BCE0D600DE4036 /* ABMediaPlayer.entitlements */,
				117693E529BCE0D300DE4036 /* ABMediaPlayerApp.swift */,
				117693E929BCE0D600DE4036 /* Assets.xcassets */,
				117693EC29BCE0D600DE4036 /* Preview Content */,
			);
			path = ABMediaPlayer;
			sourceTree = "<group>";
		};
		117693EC29BCE0D600DE4036 /* Preview Content */ = {
			isa = PBXGroup;
			children = (
				117693ED29BCE0D600DE4036 /* Preview Assets.xcassets */,
			);
			path = "Preview Content";
			sourceTree = "<group>";
		};
		117693F629BCE0D600DE4036 /* ABMediaPlayerTests */ = {
			isa = PBXGroup;
			children = (
				117693F729BCE0D600DE4036 /* ABMediaPlayerTests.swift */,
			);
			path = ABMediaPlayerTests;
			sourceTree = "<group>";
		};
		1176940029BCE0D600DE4036 /* ABMediaPlayerUITests */ = {
			isa = PBXGroup;
			children = (
				1176940129BCE0D600DE4036 /* ABMediaPlayerUITests.swift */,
				1176940329BCE0D600DE4036 /* ABMediaPlayerUITestsLaunchTests.swift */,
			);
			path = ABMediaPlayerUITests;
			sourceTree = "<group>";
		};
		11B9ADE429DF453F0052CDAB /* Frameworks */ = {
			isa = PBXGroup;
			children = (
				11B9ADE529DF453F0052CDAB /* AVKit.framework */,
			);
			name = Frameworks;
			sourceTree = "<group>";
		};
		11EC440529D9B78500120B19 /* View */ = {
			isa = PBXGroup;
			children = (
				11D8F83B29CA50200031AF9D /* ManageAlignmentBaseDetailView.swift */,
				11EC440A29D9EB0C00120B19 /* NewMediaAlignmentView.swift */,
				11D8F83729CA49FD0031AF9D /* ManageAlignmentBaseView.swift */,
				11EC440829D9DC5C00120B19 /* NewAlignmentBaseView.swift */,
				118B83EB29D6EBC60093C8A7 /* ManageMediaSingleItemView.swift */,
				11D8F83329CA3D680031AF9D /* ManageMediaView.swift */,
				11BEC11D29D19D7400580119 /* MediaItemRowView.swift */,
				11D8F83129CA39980031AF9D /* RootView.swift */,
				11EC440C29DAC80C00120B19 /* PlayMediaView.swift */,
				11EC440E29DACA2A00120B19 /* DisplayAlignmentView.swift */,
				1187457729DE262300D25F40 /* MarkerPickerView.swift */,
				1187457929DE29A000D25F40 /* MediaPickerView.swift */,
			);
			path = View;
			sourceTree = "<group>";
		};
		11EC440629D9B79800120B19 /* Model */ = {
			isa = PBXGroup;
			children = (
				11EC441029DACAE200120B19 /* AlignmentModel.swift */,
				1134DE1129D6C53F00A5A712 /* ABMediaPlayer.xcdatamodeld */,
			);
			path = Model;
			sourceTree = "<group>";
		};
		11EC440729D9B7A900120B19 /* Controller */ = {
			isa = PBXGroup;
			children = (
				1134DE5229D6CE1000A5A712 /* PersistenceController.swift */,
			);
			path = Controller;
			sourceTree = "<group>";
		};
/* End PBXGroup section */

/* Begin PBXNativeTarget section */
		117693E129BCE0D300DE4036 /* ABMediaPlayer */ = {
			isa = PBXNativeTarget;
			buildConfigurationList = 1176940729BCE0D600DE4036 /* Build configuration list for PBXNativeTarget "ABMediaPlayer" */;
			buildPhases = (
				117693DE29BCE0D300DE4036 /* Sources */,
				117693DF29BCE0D300DE4036 /* Frameworks */,
				117693E029BCE0D300DE4036 /* Resources */,
			);
			buildRules = (
			);
			dependencies = (
			);
			name = ABMediaPlayer;
			productName = ABMediaPlayer;
			productReference = 117693E229BCE0D300DE4036 /* ABMediaPlayer.app */;
			productType = "com.apple.product-type.application";
		};
		117693F229BCE0D600DE4036 /* ABMediaPlayerTests */ = {
			isa = PBXNativeTarget;
			buildConfigurationList = 1176940A29BCE0D600DE4036 /* Build configuration list for PBXNativeTarget "ABMediaPlayerTests" */;
			buildPhases = (
				117693EF29BCE0D600DE4036 /* Sources */,
				117693F029BCE0D600DE4036 /* Frameworks */,
				117693F129BCE0D600DE4036 /* Resources */,
			);
			buildRules = (
			);
			dependencies = (
				117693F529BCE0D600DE4036 /* PBXTargetDependency */,
			);
			name = ABMediaPlayerTests;
			productName = ABMediaPlayerTests;
			productReference = 117693F329BCE0D600DE4036 /* ABMediaPlayerTests.xctest */;
			productType = "com.apple.product-type.bundle.unit-test";
		};
		117693FC29BCE0D600DE4036 /* ABMediaPlayerUITests */ = {
			isa = PBXNativeTarget;
			buildConfigurationList = 1176940D29BCE0D600DE4036 /* Build configuration list for PBXNativeTarget "ABMediaPlayerUITests" */;
			buildPhases = (
				117693F929BCE0D600DE4036 /* Sources */,
				117693FA29BCE0D600DE4036 /* Frameworks */,
				117693FB29BCE0D600DE4036 /* Resources */,
			);
			buildRules = (
			);
			dependencies = (
				117693FF29BCE0D600DE4036 /* PBXTargetDependency */,
			);
			name = ABMediaPlayerUITests;
			productName = ABMediaPlayerUITests;
			productReference = 117693FD29BCE0D600DE4036 /* ABMediaPlayerUITests.xctest */;
			productType = "com.apple.product-type.bundle.ui-testing";
		};
/* End PBXNativeTarget section */

/* Begin PBXProject section */
		117693DA29BCE0D300DE4036 /* Project object */ = {
			isa = PBXProject;
			attributes = {
				BuildIndependentTargetsInParallel = 1;
				LastSwiftUpdateCheck = 1420;
				LastUpgradeCheck = 1420;
				TargetAttributes = {
					117693E129BCE0D300DE4036 = {
						CreatedOnToolsVersion = 14.2;
					};
					117693F229BCE0D600DE4036 = {
						CreatedOnToolsVersion = 14.2;
						TestTargetID = 117693E129BCE0D300DE4036;
					};
					117693FC29BCE0D600DE4036 = {
						CreatedOnToolsVersion = 14.2;
						TestTargetID = 117693E129BCE0D300DE4036;
					};
				};
			};
			buildConfigurationList = 117693DD29BCE0D300DE4036 /* Build configuration list for PBXProject "ABMediaPlayer" */;
			compatibilityVersion = "Xcode 14.0";
			developmentRegion = en;
			hasScannedForEncodings = 0;
			knownRegions = (
				en,
				Base,
			);
			mainGroup = 117693D929BCE0D300DE4036;
			productRefGroup = 117693E329BCE0D300DE4036 /* Products */;
			projectDirPath = "";
			projectRoot = "";
			targets = (
				117693E129BCE0D300DE4036 /* ABMediaPlayer */,
				117693F229BCE0D600DE4036 /* ABMediaPlayerTests */,
				117693FC29BCE0D600DE4036 /* ABMediaPlayerUITests */,
			);
		};
/* End PBXProject section */

/* Begin PBXResourcesBuildPhase section */
		117693E029BCE0D300DE4036 /* Resources */ = {
			isa = PBXResourcesBuildPhase;
			buildActionMask = 2147483647;
			files = (
				117693EE29BCE0D600DE4036 /* Preview Assets.xcassets in Resources */,
				117693EA29BCE0D600DE4036 /* Assets.xcassets in Resources */,
			);
			runOnlyForDeploymentPostprocessing = 0;
		};
		117693F129BCE0D600DE4036 /* Resources */ = {
			isa = PBXResourcesBuildPhase;
			buildActionMask = 2147483647;
			files = (
			);
			runOnlyForDeploymentPostprocessing = 0;
		};
		117693FB29BCE0D600DE4036 /* Resources */ = {
			isa = PBXResourcesBuildPhase;
			buildActionMask = 2147483647;
			files = (
			);
			runOnlyForDeploymentPostprocessing = 0;
		};
/* End PBXResourcesBuildPhase section */

/* Begin PBXSourcesBuildPhase section */
		117693DE29BCE0D300DE4036 /* Sources */ = {
			isa = PBXSourcesBuildPhase;
			buildActionMask = 2147483647;
			files = (
				1134DE1329D6C53F00A5A712 /* ABMediaPlayer.xcdatamodeld in Sources */,
				11D8F83229CA39980031AF9D /* RootView.swift in Sources */,
				11EC440B29D9EB0C00120B19 /* NewMediaAlignmentView.swift in Sources */,
				11EC440929D9DC5C00120B19 /* NewAlignmentBaseView.swift in Sources */,
				11D8F83C29CA50200031AF9D /* ManageAlignmentBaseDetailView.swift in Sources */,
				11EC440F29DACA2A00120B19 /* DisplayAlignmentView.swift in Sources */,
				11D8F83829CA49FD0031AF9D /* ManageAlignmentBaseView.swift in Sources */,
				11EC441129DACAE200120B19 /* AlignmentModel.swift in Sources */,
				11BEC11E29D19D7400580119 /* MediaItemRowView.swift in Sources */,
				1187457A29DE29A000D25F40 /* MediaPickerView.swift in Sources */,
				118B83EC29D6EBC60093C8A7 /* ManageMediaSingleItemView.swift in Sources */,
				1187457829DE262300D25F40 /* MarkerPickerView.swift in Sources */,
				11D8F83429CA3D680031AF9D /* ManageMediaView.swift in Sources */,
				117693E629BCE0D300DE4036 /* ABMediaPlayerApp.swift in Sources */,
				1134DE5329D6CE1000A5A712 /* PersistenceController.swift in Sources */,
				11EC440D29DAC80C00120B19 /* PlayMediaView.swift in Sources */,
			);
			runOnlyForDeploymentPostprocessing = 0;
		};
		117693EF29BCE0D600DE4036 /* Sources */ = {
			isa = PBXSourcesBuildPhase;
			buildActionMask = 2147483647;
			files = (
				117693F829BCE0D600DE4036 /* ABMediaPlayerTests.swift in Sources */,
			);
			runOnlyForDeploymentPostprocessing = 0;
		};
		117693F929BCE0D600DE4036 /* Sources */ = {
			isa = PBXSourcesBuildPhase;
			buildActionMask = 2147483647;
			files = (
				1176940229BCE0D600DE4036 /* ABMediaPlayerUITests.swift in Sources */,
				1176940429BCE0D600DE4036 /* ABMediaPlayerUITestsLaunchTests.swift in Sources */,
			);
			runOnlyForDeploymentPostprocessing = 0;
		};
/* End PBXSourcesBuildPhase section */

/* Begin PBXTargetDependency section */
		117693F529BCE0D600DE4036 /* PBXTargetDependency */ = {
			isa = PBXTargetDependency;
			target = 117693E129BCE0D300DE4036 /* ABMediaPlayer */;
			targetProxy = 117693F429BCE0D600DE4036 /* PBXContainerItemProxy */;
		};
		117693FF29BCE0D600DE4036 /* PBXTargetDependency */ = {
			isa = PBXTargetDependency;
			target = 117693E129BCE0D300DE4036 /* ABMediaPlayer */;
			targetProxy = 117693FE29BCE0D600DE4036 /* PBXContainerItemProxy */;
		};
/* End PBXTargetDependency section */

/* Begin XCBuildConfiguration section */
		1176940529BCE0D600DE4036 /* Debug */ = {
			isa = XCBuildConfiguration;
			buildSettings = {
				ALWAYS_SEARCH_USER_PATHS = NO;
				CLANG_ANALYZER_NONNULL = YES;
				CLANG_ANALYZER_NUMBER_OBJECT_CONVERSION = YES_AGGRESSIVE;
				CLANG_CXX_LANGUAGE_STANDARD = "gnu++20";
				CLANG_ENABLE_MODULES = YES;
				CLANG_ENABLE_OBJC_ARC = YES;
				CLANG_ENABLE_OBJC_WEAK = YES;
				CLANG_WARN_BLOCK_CAPTURE_AUTORELEASING = YES;
				CLANG_WARN_BOOL_CONVERSION = YES;
				CLANG_WARN_COMMA = YES;
				CLANG_WARN_CONSTANT_CONVERSION = YES;
				CLANG_WARN_DEPRECATED_OBJC_IMPLEMENTATIONS = YES;
				CLANG_WARN_DIRECT_OBJC_ISA_USAGE = YES_ERROR;
				CLANG_WARN_DOCUMENTATION_COMMENTS = YES;
				CLANG_WARN_EMPTY_BODY = YES;
				CLANG_WARN_ENUM_CONVERSION = YES;
				CLANG_WARN_INFINITE_RECURSION = YES;
				CLANG_WARN_INT_CONVERSION = YES;
				CLANG_WARN_NON_LITERAL_NULL_CONVERSION = YES;
				CLANG_WARN_OBJC_IMPLICIT_RETAIN_SELF = YES;
				CLANG_WARN_OBJC_LITERAL_CONVERSION = YES;
				CLANG_WARN_OBJC_ROOT_CLASS = YES_ERROR;
				CLANG_WARN_QUOTED_INCLUDE_IN_FRAMEWORK_HEADER = YES;
				CLANG_WARN_RANGE_LOOP_ANALYSIS = YES;
				CLANG_WARN_STRICT_PROTOTYPES = YES;
				CLANG_WARN_SUSPICIOUS_MOVE = YES;
				CLANG_WARN_UNGUARDED_AVAILABILITY = YES_AGGRESSIVE;
				CLANG_WARN_UNREACHABLE_CODE = YES;
				CLANG_WARN__DUPLICATE_METHOD_MATCH = YES;
				COPY_PHASE_STRIP = NO;
				DEBUG_INFORMATION_FORMAT = dwarf;
				ENABLE_STRICT_OBJC_MSGSEND = YES;
				ENABLE_TESTABILITY = YES;
				GCC_C_LANGUAGE_STANDARD = gnu11;
				GCC_DYNAMIC_NO_PIC = NO;
				GCC_NO_COMMON_BLOCKS = YES;
				GCC_OPTIMIZATION_LEVEL = 0;
				GCC_PREPROCESSOR_DEFINITIONS = (
					"DEBUG=1",
					"$(inherited)",
				);
				GCC_WARN_64_TO_32_BIT_CONVERSION = YES;
				GCC_WARN_ABOUT_RETURN_TYPE = YES_ERROR;
				GCC_WARN_UNDECLARED_SELECTOR = YES;
				GCC_WARN_UNINITIALIZED_AUTOS = YES_AGGRESSIVE;
				GCC_WARN_UNUSED_FUNCTION = YES;
				GCC_WARN_UNUSED_VARIABLE = YES;
				IPHONEOS_DEPLOYMENT_TARGET = 16.0;
				MACOSX_DEPLOYMENT_TARGET = 13.0;
				MTL_ENABLE_DEBUG_INFO = INCLUDE_SOURCE;
				MTL_FAST_MATH = YES;
				ONLY_ACTIVE_ARCH = YES;
				SWIFT_ACTIVE_COMPILATION_CONDITIONS = DEBUG;
				SWIFT_OPTIMIZATION_LEVEL = "-Onone";
			};
			name = Debug;
		};
		1176940629BCE0D600DE4036 /* Release */ = {
			isa = XCBuildConfiguration;
			buildSettings = {
				ALWAYS_SEARCH_USER_PATHS = NO;
				CLANG_ANALYZER_NONNULL = YES;
				CLANG_ANALYZER_NUMBER_OBJECT_CONVERSION = YES_AGGRESSIVE;
				CLANG_CXX_LANGUAGE_STANDARD = "gnu++20";
				CLANG_ENABLE_MODULES = YES;
				CLANG_ENABLE_OBJC_ARC = YES;
				CLANG_ENABLE_OBJC_WEAK = YES;
				CLANG_WARN_BLOCK_CAPTURE_AUTORELEASING = YES;
				CLANG_WARN_BOOL_CONVERSION = YES;
				CLANG_WARN_COMMA = YES;
				CLANG_WARN_CONSTANT_CONVERSION = YES;
				CLANG_WARN_DEPRECATED_OBJC_IMPLEMENTATIONS = YES;
				CLANG_WARN_DIRECT_OBJC_ISA_USAGE = YES_ERROR;
				CLANG_WARN_DOCUMENTATION_COMMENTS = YES;
				CLANG_WARN_EMPTY_BODY = YES;
				CLANG_WARN_ENUM_CONVERSION = YES;
				CLANG_WARN_INFINITE_RECURSION = YES;
				CLANG_WARN_INT_CONVERSION = YES;
				CLANG_WARN_NON_LITERAL_NULL_CONVERSION = YES;
				CLANG_WARN_OBJC_IMPLICIT_RETAIN_SELF = YES;
				CLANG_WARN_OBJC_LITERAL_CONVERSION = YES;
				CLANG_WARN_OBJC_ROOT_CLASS = YES_ERROR;
				CLANG_WARN_QUOTED_INCLUDE_IN_FRAMEWORK_HEADER = YES;
				CLANG_WARN_RANGE_LOOP_ANALYSIS = YES;
				CLANG_WARN_STRICT_PROTOTYPES = YES;
				CLANG_WARN_SUSPICIOUS_MOVE = YES;
				CLANG_WARN_UNGUARDED_AVAILABILITY = YES_AGGRESSIVE;
				CLANG_WARN_UNREACHABLE_CODE = YES;
				CLANG_WARN__DUPLICATE_METHOD_MATCH = YES;
				COPY_PHASE_STRIP = NO;
				DEBUG_INFORMATION_FORMAT = "dwarf-with-dsym";
				ENABLE_NS_ASSERTIONS = NO;
				ENABLE_STRICT_OBJC_MSGSEND = YES;
				GCC_C_LANGUAGE_STANDARD = gnu11;
				GCC_NO_COMMON_BLOCKS = YES;
				GCC_WARN_64_TO_32_BIT_CONVERSION = YES;
				GCC_WARN_ABOUT_RETURN_TYPE = YES_ERROR;
				GCC_WARN_UNDECLARED_SELECTOR = YES;
				GCC_WARN_UNINITIALIZED_AUTOS = YES_AGGRESSIVE;
				GCC_WARN_UNUSED_FUNCTION = YES;
				GCC_WARN_UNUSED_VARIABLE = YES;
				IPHONEOS_DEPLOYMENT_TARGET = 16.0;
				MACOSX_DEPLOYMENT_TARGET = 13.0;
				MTL_ENABLE_DEBUG_INFO = NO;
				MTL_FAST_MATH = YES;
				SWIFT_COMPILATION_MODE = wholemodule;
				SWIFT_OPTIMIZATION_LEVEL = "-O";
			};
			name = Release;
		};
		1176940829BCE0D600DE4036 /* Debug */ = {
			isa = XCBuildConfiguration;
			buildSettings = {
				ASSETCATALOG_COMPILER_APPICON_NAME = AppIcon;
				ASSETCATALOG_COMPILER_GLOBAL_ACCENT_COLOR_NAME = AccentColor;
				CODE_SIGN_ENTITLEMENTS = ABMediaPlayer/ABMediaPlayer.entitlements;
				"CODE_SIGN_IDENTITY[sdk=macosx*]" = "Apple Development";
				CODE_SIGN_STYLE = Automatic;
				CURRENT_PROJECT_VERSION = 1;
				DEVELOPMENT_ASSET_PATHS = "\"ABMediaPlayer/Preview Content\"";
				DEVELOPMENT_TEAM = TA6YGR2VKH;
				ENABLE_PREVIEWS = YES;
				GENERATE_INFOPLIST_FILE = YES;
				INFOPLIST_FILE = ABMediaPlayer/Info.plist;
				INFOPLIST_KEY_NSAppleMusicUsageDescription = "Access media items";
				"INFOPLIST_KEY_UIApplicationSceneManifest_Generation[sdk=iphoneos*]" = YES;
				"INFOPLIST_KEY_UIApplicationSceneManifest_Generation[sdk=iphonesimulator*]" = YES;
				"INFOPLIST_KEY_UIApplicationSupportsIndirectInputEvents[sdk=iphoneos*]" = YES;
				"INFOPLIST_KEY_UIApplicationSupportsIndirectInputEvents[sdk=iphonesimulator*]" = YES;
				"INFOPLIST_KEY_UILaunchScreen_Generation[sdk=iphoneos*]" = YES;
				"INFOPLIST_KEY_UILaunchScreen_Generation[sdk=iphonesimulator*]" = YES;
				"INFOPLIST_KEY_UIStatusBarStyle[sdk=iphoneos*]" = UIStatusBarStyleDefault;
				"INFOPLIST_KEY_UIStatusBarStyle[sdk=iphonesimulator*]" = UIStatusBarStyleDefault;
				INFOPLIST_KEY_UISupportedInterfaceOrientations_iPad = "UIInterfaceOrientationPortrait UIInterfaceOrientationPortraitUpsideDown UIInterfaceOrientationLandscapeLeft UIInterfaceOrientationLandscapeRight";
				INFOPLIST_KEY_UISupportedInterfaceOrientations_iPhone = "UIInterfaceOrientationPortrait UIInterfaceOrientationLandscapeLeft UIInterfaceOrientationLandscapeRight";
				LD_RUNPATH_SEARCH_PATHS = "@executable_path/Frameworks";
				"LD_RUNPATH_SEARCH_PATHS[sdk=macosx*]" = "@executable_path/../Frameworks";
				MARKETING_VERSION = 1.0;
				PRODUCT_BUNDLE_IDENTIFIER = de.lexngu.ABMediaPlayer;
				PRODUCT_NAME = "$(TARGET_NAME)";
				SDKROOT = auto;
				SUPPORTED_PLATFORMS = "iphoneos iphonesimulator macosx";
				SWIFT_EMIT_LOC_STRINGS = YES;
				SWIFT_VERSION = 5.0;
				TARGETED_DEVICE_FAMILY = "1,2";
			};
			name = Debug;
		};
		1176940929BCE0D600DE4036 /* Release */ = {
			isa = XCBuildConfiguration;
			buildSettings = {
				ASSETCATALOG_COMPILER_APPICON_NAME = AppIcon;
				ASSETCATALOG_COMPILER_GLOBAL_ACCENT_COLOR_NAME = AccentColor;
				CODE_SIGN_ENTITLEMENTS = ABMediaPlayer/ABMediaPlayer.entitlements;
				"CODE_SIGN_IDENTITY[sdk=macosx*]" = "Apple Development";
				CODE_SIGN_STYLE = Automatic;
				CURRENT_PROJECT_VERSION = 1;
				DEVELOPMENT_ASSET_PATHS = "\"ABMediaPlayer/Preview Content\"";
				DEVELOPMENT_TEAM = TA6YGR2VKH;
				ENABLE_PREVIEWS = YES;
				GENERATE_INFOPLIST_FILE = YES;
				INFOPLIST_FILE = ABMediaPlayer/Info.plist;
				INFOPLIST_KEY_NSAppleMusicUsageDescription = "Access media items";
				"INFOPLIST_KEY_UIApplicationSceneManifest_Generation[sdk=iphoneos*]" = YES;
				"INFOPLIST_KEY_UIApplicationSceneManifest_Generation[sdk=iphonesimulator*]" = YES;
				"INFOPLIST_KEY_UIApplicationSupportsIndirectInputEvents[sdk=iphoneos*]" = YES;
				"INFOPLIST_KEY_UIApplicationSupportsIndirectInputEvents[sdk=iphonesimulator*]" = YES;
				"INFOPLIST_KEY_UILaunchScreen_Generation[sdk=iphoneos*]" = YES;
				"INFOPLIST_KEY_UILaunchScreen_Generation[sdk=iphonesimulator*]" = YES;
				"INFOPLIST_KEY_UIStatusBarStyle[sdk=iphoneos*]" = UIStatusBarStyleDefault;
				"INFOPLIST_KEY_UIStatusBarStyle[sdk=iphonesimulator*]" = UIStatusBarStyleDefault;
				INFOPLIST_KEY_UISupportedInterfaceOrientations_iPad = "UIInterfaceOrientationPortrait UIInterfaceOrientationPortraitUpsideDown UIInterfaceOrientationLandscapeLeft UIInterfaceOrientationLandscapeRight";
				INFOPLIST_KEY_UISupportedInterfaceOrientations_iPhone = "UIInterfaceOrientationPortrait UIInterfaceOrientationLandscapeLeft UIInterfaceOrientationLandscapeRight";
				LD_RUNPATH_SEARCH_PATHS = "@executable_path/Frameworks";
				"LD_RUNPATH_SEARCH_PATHS[sdk=macosx*]" = "@executable_path/../Frameworks";
				MARKETING_VERSION = 1.0;
				PRODUCT_BUNDLE_IDENTIFIER = de.lexngu.ABMediaPlayer;
				PRODUCT_NAME = "$(TARGET_NAME)";
				SDKROOT = auto;
				SUPPORTED_PLATFORMS = "iphoneos iphonesimulator macosx";
				SWIFT_EMIT_LOC_STRINGS = YES;
				SWIFT_VERSION = 5.0;
				TARGETED_DEVICE_FAMILY = "1,2";
			};
			name = Release;
		};
		1176940B29BCE0D600DE4036 /* Debug */ = {
			isa = XCBuildConfiguration;
			buildSettings = {
				ALWAYS_EMBED_SWIFT_STANDARD_LIBRARIES = YES;
				BUNDLE_LOADER = "$(TEST_HOST)";
				CODE_SIGN_STYLE = Automatic;
				CURRENT_PROJECT_VERSION = 1;
				DEVELOPMENT_TEAM = TA6YGR2VKH;
				GENERATE_INFOPLIST_FILE = YES;
				IPHONEOS_DEPLOYMENT_TARGET = 16.2;
				MACOSX_DEPLOYMENT_TARGET = 13.1;
				MARKETING_VERSION = 1.0;
				PRODUCT_BUNDLE_IDENTIFIER = de.lexngu.ABMediaPlayerTests;
				PRODUCT_NAME = "$(TARGET_NAME)";
				SDKROOT = auto;
				SUPPORTED_PLATFORMS = "iphoneos iphonesimulator macosx";
				SWIFT_EMIT_LOC_STRINGS = NO;
				SWIFT_VERSION = 5.0;
				TARGETED_DEVICE_FAMILY = "1,2";
				TEST_HOST = "$(BUILT_PRODUCTS_DIR)/ABMediaPlayer.app/$(BUNDLE_EXECUTABLE_FOLDER_PATH)/ABMediaPlayer";
			};
			name = Debug;
		};
		1176940C29BCE0D600DE4036 /* Release */ = {
			isa = XCBuildConfiguration;
			buildSettings = {
				ALWAYS_EMBED_SWIFT_STANDARD_LIBRARIES = YES;
				BUNDLE_LOADER = "$(TEST_HOST)";
				CODE_SIGN_STYLE = Automatic;
				CURRENT_PROJECT_VERSION = 1;
				DEVELOPMENT_TEAM = TA6YGR2VKH;
				GENERATE_INFOPLIST_FILE = YES;
				IPHONEOS_DEPLOYMENT_TARGET = 16.2;
				MACOSX_DEPLOYMENT_TARGET = 13.1;
				MARKETING_VERSION = 1.0;
				PRODUCT_BUNDLE_IDENTIFIER = de.lexngu.ABMediaPlayerTests;
				PRODUCT_NAME = "$(TARGET_NAME)";
				SDKROOT = auto;
				SUPPORTED_PLATFORMS = "iphoneos iphonesimulator macosx";
				SWIFT_EMIT_LOC_STRINGS = NO;
				SWIFT_VERSION = 5.0;
				TARGETED_DEVICE_FAMILY = "1,2";
				TEST_HOST = "$(BUILT_PRODUCTS_DIR)/ABMediaPlayer.app/$(BUNDLE_EXECUTABLE_FOLDER_PATH)/ABMediaPlayer";
			};
			name = Release;
		};
		1176940E29BCE0D600DE4036 /* Debug */ = {
			isa = XCBuildConfiguration;
			buildSettings = {
				ALWAYS_EMBED_SWIFT_STANDARD_LIBRARIES = YES;
				CODE_SIGN_STYLE = Automatic;
				CURRENT_PROJECT_VERSION = 1;
				DEVELOPMENT_TEAM = TA6YGR2VKH;
				GENERATE_INFOPLIST_FILE = YES;
				IPHONEOS_DEPLOYMENT_TARGET = 16.2;
				MACOSX_DEPLOYMENT_TARGET = 13.1;
				MARKETING_VERSION = 1.0;
				PRODUCT_BUNDLE_IDENTIFIER = de.lexngu.ABMediaPlayerUITests;
				PRODUCT_NAME = "$(TARGET_NAME)";
				SDKROOT = auto;
				SUPPORTED_PLATFORMS = "iphoneos iphonesimulator macosx";
				SWIFT_EMIT_LOC_STRINGS = NO;
				SWIFT_VERSION = 5.0;
				TARGETED_DEVICE_FAMILY = "1,2";
				TEST_TARGET_NAME = ABMediaPlayer;
			};
			name = Debug;
		};
		1176940F29BCE0D600DE4036 /* Release */ = {
			isa = XCBuildConfiguration;
			buildSettings = {
				ALWAYS_EMBED_SWIFT_STANDARD_LIBRARIES = YES;
				CODE_SIGN_STYLE = Automatic;
				CURRENT_PROJECT_VERSION = 1;
				DEVELOPMENT_TEAM = TA6YGR2VKH;
				GENERATE_INFOPLIST_FILE = YES;
				IPHONEOS_DEPLOYMENT_TARGET = 16.2;
				MACOSX_DEPLOYMENT_TARGET = 13.1;
				MARKETING_VERSION = 1.0;
				PRODUCT_BUNDLE_IDENTIFIER = de.lexngu.ABMediaPlayerUITests;
				PRODUCT_NAME = "$(TARGET_NAME)";
				SDKROOT = auto;
				SUPPORTED_PLATFORMS = "iphoneos iphonesimulator macosx";
				SWIFT_EMIT_LOC_STRINGS = NO;
				SWIFT_VERSION = 5.0;
				TARGETED_DEVICE_FAMILY = "1,2";
				TEST_TARGET_NAME = ABMediaPlayer;
			};
			name = Release;
		};
/* End XCBuildConfiguration section */

/* Begin XCConfigurationList section */
		117693DD29BCE0D300DE4036 /* Build configuration list for PBXProject "ABMediaPlayer" */ = {
			isa = XCConfigurationList;
			buildConfigurations = (
				1176940529BCE0D600DE4036 /* Debug */,
				1176940629BCE0D600DE4036 /* Release */,
			);
			defaultConfigurationIsVisible = 0;
			defaultConfigurationName = Release;
		};
		1176940729BCE0D600DE4036 /* Build configuration list for PBXNativeTarget "ABMediaPlayer" */ = {
			isa = XCConfigurationList;
			buildConfigurations = (
				1176940829BCE0D600DE4036 /* Debug */,
				1176940929BCE0D600DE4036 /* Release */,
			);
			defaultConfigurationIsVisible = 0;
			defaultConfigurationName = Release;
		};
		1176940A29BCE0D600DE4036 /* Build configuration list for PBXNativeTarget "ABMediaPlayerTests" */ = {
			isa = XCConfigurationList;
			buildConfigurations = (
				1176940B29BCE0D600DE4036 /* Debug */,
				1176940C29BCE0D600DE4036 /* Release */,
			);
			defaultConfigurationIsVisible = 0;
			defaultConfigurationName = Release;
		};
		1176940D29BCE0D600DE4036 /* Build configuration list for PBXNativeTarget "ABMediaPlayerUITests" */ = {
			isa = XCConfigurationList;
			buildConfigurations = (
				1176940E29BCE0D600DE4036 /* Debug */,
				1176940F29BCE0D600DE4036 /* Release */,
			);
			defaultConfigurationIsVisible = 0;
			defaultConfigurationName = Release;
		};
/* End XCConfigurationList section */

/* Begin XCVersionGroup section */
		1134DE1129D6C53F00A5A712 /* ABMediaPlayer.xcdatamodeld */ = {
			isa = XCVersionGroup;
			children = (
				1134DE1229D6C53F00A5A712 /* ABMediaPlayer.xcdatamodel */,
			);
			currentVersion = 1134DE1229D6C53F00A5A712 /* ABMediaPlayer.xcdatamodel */;
			path = ABMediaPlayer.xcdatamodeld;
			sourceTree = "<group>";
			versionGroupType = wrapper.xcdatamodel;
		};
/* End XCVersionGroup section */
	};
	rootObject = 117693DA29BCE0D300DE4036 /* Project object */;
}
